
Microsoft Visual Studio Solution File, Format Version 12.00
# Visual Studio 15
VisualStudioVersion = 15.0.27428.2037
MinimumVisualStudioVersion = 10.0.40219.1
Project("{FAE04EC0-301F-11D3-BF4B-00C04F79EFBC}") = "Page1_59", "CSharpCertificate\Page1_59.csproj", "{A5F84B88-AE59-4C65-8A49-CB76C0CBDD26}"
EndProject
Project("{FAE04EC0-301F-11D3-BF4B-00C04F79EFBC}") = "Page59-89", "Page59-89\Page59-89.csproj", "{FD7EDFAC-AAF7-4734-8D36-89906EFFF97D}"
EndProject
Project("{FAE04EC0-301F-11D3-BF4B-00C04F79EFBC}") = "Challenge 1 Develop a Transformer", "Challenge 1 Develop a Transformer\Challenge 1 Develop a Transformer.csproj", "{DEE122F1-5CA4-4530-A089-8D8F82860E53}"
EndProject
Project("{FAE04EC0-301F-11D3-BF4B-00C04F79EFBC}") = "InterfaceQuestion", "InterfaceQuestion\InterfaceQuestion.csproj", "{AC1CC867-1DDD-48ED-9349-5B76CB6EB0E3}"
EndProject
Project("{FAE04EC0-301F-11D3-BF4B-00C04F79EFBC}") = "Page 95_150", "Page 95_150\Page 95_150.csproj", "{22D3CDB6-2A55-4FC9-A296-71B9A624C7DA}"
EndProject
Project("{FAE04EC0-301F-11D3-BF4B-00C04F79EFBC}") = "CustomGenericCollection", "CustomGenericCollection\CustomGenericCollection.csproj", "{AFA40F09-0604-45CB-A5EC-809FD7CDA78D}"
EndProject
Project("{FAE04EC0-301F-11D3-BF4B-00C04F79EFBC}") = "153 - 174", "153 - 194\153 - 174.csproj", "{CB3BC594-3F8E-4DA2-99BC-12B21C5D9744}"
EndProject
Project("{FAE04EC0-301F-11D3-BF4B-00C04F79EFBC}") = "Page_176-194", "Page_176-194\Page_176-194.csproj", "{E49E2583-3F70-477D-984A-070F3753FB7C}"
EndProject
Project("{FAE04EC0-301F-11D3-BF4B-00C04F79EFBC}") = "197-204", "197-204\197-204.csproj", "{B723AFB0-5ADD-451D-9285-B7985975AACF}"
EndProject
Project("{FAE04EC0-301F-11D3-BF4B-00C04F79EFBC}") = "StructViewModel", "StructViewModel\StructViewModel.csproj", "{310C1D6E-07F8-4C8F-B4B1-FDCE19AAD7AE}"
EndProject
Global
	GlobalSection(SolutionConfigurationPlatforms) = preSolution
		Debug|Any CPU = Debug|Any CPU
		Release|Any CPU = Release|Any CPU
	EndGlobalSection
	GlobalSection(ProjectConfigurationPlatforms) = postSolution
		{A5F84B88-AE59-4C65-8A49-CB76C0CBDD26}.Debug|Any CPU.ActiveCfg = Debug|Any CPU
		{A5F84B88-AE59-4C65-8A49-CB76C0CBDD26}.Debug|Any CPU.Build.0 = Debug|Any CPU
		{A5F84B88-AE59-4C65-8A49-CB76C0CBDD26}.Release|Any CPU.ActiveCfg = Release|Any CPU
		{A5F84B88-AE59-4C65-8A49-CB76C0CBDD26}.Release|Any CPU.Build.0 = Release|Any CPU
		{FD7EDFAC-AAF7-4734-8D36-89906EFFF97D}.Debug|Any CPU.ActiveCfg = Debug|Any CPU
		{FD7EDFAC-AAF7-4734-8D36-89906EFFF97D}.Debug|Any CPU.Build.0 = Debug|Any CPU
		{FD7EDFAC-AAF7-4734-8D36-89906EFFF97D}.Release|Any CPU.ActiveCfg = Release|Any CPU
		{FD7EDFAC-AAF7-4734-8D36-89906EFFF97D}.Release|Any CPU.Build.0 = Release|Any CPU
		{DEE122F1-5CA4-4530-A089-8D8F82860E53}.Debug|Any CPU.ActiveCfg = Debug|Any CPU
		{DEE122F1-5CA4-4530-A089-8D8F82860E53}.Debug|Any CPU.Build.0 = Debug|Any CPU
		{DEE122F1-5CA4-4530-A089-8D8F82860E53}.Release|Any CPU.ActiveCfg = Release|Any CPU
		{DEE122F1-5CA4-4530-A089-8D8F82860E53}.Release|Any CPU.Build.0 = Release|Any CPU
		{AC1CC867-1DDD-48ED-9349-5B76CB6EB0E3}.Debug|Any CPU.ActiveCfg = Debug|Any CPU
		{AC1CC867-1DDD-48ED-9349-5B76CB6EB0E3}.Debug|Any CPU.Build.0 = Debug|Any CPU
		{AC1CC867-1DDD-48ED-9349-5B76CB6EB0E3}.Release|Any CPU.ActiveCfg = Release|Any CPU
		{AC1CC867-1DDD-48ED-9349-5B76CB6EB0E3}.Release|Any CPU.Build.0 = Release|Any CPU
		{22D3CDB6-2A55-4FC9-A296-71B9A624C7DA}.Debug|Any CPU.ActiveCfg = Debug|Any CPU
		{22D3CDB6-2A55-4FC9-A296-71B9A624C7DA}.Debug|Any CPU.Build.0 = Debug|Any CPU
		{22D3CDB6-2A55-4FC9-A296-71B9A624C7DA}.Release|Any CPU.ActiveCfg = Release|Any CPU
		{22D3CDB6-2A55-4FC9-A296-71B9A624C7DA}.Release|Any CPU.Build.0 = Release|Any CPU
		{AFA40F09-0604-45CB-A5EC-809FD7CDA78D}.Debug|Any CPU.ActiveCfg = Debug|Any CPU
		{AFA40F09-0604-45CB-A5EC-809FD7CDA78D}.Debug|Any CPU.Build.0 = Debug|Any CPU
		{AFA40F09-0604-45CB-A5EC-809FD7CDA78D}.Release|Any CPU.ActiveCfg = Release|Any CPU
		{AFA40F09-0604-45CB-A5EC-809FD7CDA78D}.Release|Any CPU.Build.0 = Release|Any CPU
		{CB3BC594-3F8E-4DA2-99BC-12B21C5D9744}.Debug|Any CPU.ActiveCfg = Debug|Any CPU
		{CB3BC594-3F8E-4DA2-99BC-12B21C5D9744}.Debug|Any CPU.Build.0 = Debug|Any CPU
		{CB3BC594-3F8E-4DA2-99BC-12B21C5D9744}.Release|Any CPU.ActiveCfg = Release|Any CPU
		{CB3BC594-3F8E-4DA2-99BC-12B21C5D9744}.Release|Any CPU.Build.0 = Release|Any CPU
		{E49E2583-3F70-477D-984A-070F3753FB7C}.Debug|Any CPU.ActiveCfg = Debug|Any CPU
		{E49E2583-3F70-477D-984A-070F3753FB7C}.Debug|Any CPU.Build.0 = Debug|Any CPU
		{E49E2583-3F70-477D-984A-070F3753FB7C}.Release|Any CPU.ActiveCfg = Release|Any CPU
		{E49E2583-3F70-477D-984A-070F3753FB7C}.Release|Any CPU.Build.0 = Release|Any CPU
		{B723AFB0-5ADD-451D-9285-B7985975AACF}.Debug|Any CPU.ActiveCfg = Debug|Any CPU
		{B723AFB0-5ADD-451D-9285-B7985975AACF}.Debug|Any CPU.Build.0 = Debug|Any CPU
		{B723AFB0-5ADD-451D-9285-B7985975AACF}.Release|Any CPU.ActiveCfg = Release|Any CPU
		{B723AFB0-5ADD-451D-9285-B7985975AACF}.Release|Any CPU.Build.0 = Release|Any CPU
		{310C1D6E-07F8-4C8F-B4B1-FDCE19AAD7AE}.Debug|Any CPU.ActiveCfg = Debug|Any CPU
		{310C1D6E-07F8-4C8F-B4B1-FDCE19AAD7AE}.Debug|Any CPU.Build.0 = Debug|Any CPU
		{310C1D6E-07F8-4C8F-B4B1-FDCE19AAD7AE}.Release|Any CPU.ActiveCfg = Release|Any CPU
		{310C1D6E-07F8-4C8F-B4B1-FDCE19AAD7AE}.Release|Any CPU.Build.0 = Release|Any CPU
	EndGlobalSection
	GlobalSection(SolutionProperties) = preSolution
		HideSolutionNode = FALSE
	EndGlobalSection
	GlobalSection(ExtensibilityGlobals) = postSolution
		SolutionGuid = {7680909B-2628-4723-AFCC-D86052402D18}
	EndGlobalSection
EndGlobal
